{
  "name": "bytX",
  "lockfileVersion": 3,
  "requires": true,
  "packages": {
    "": {
      "dependencies": {
        "create-next-app": "^15.2.0",
        "create-vite": "^6.3.1"
      }
    },
    "node_modules/create-next-app": {
      "version": "15.2.0",
      "resolved": "https://registry.npmjs.org/create-next-app/-/create-next-app-15.2.0.tgz",
      "integrity": "sha512-x5L5lyqaJMU4EL3fX7nNu62U75/Gy3PebQ+Ah3cy3Ssy+niFBvVJ5XOxDtpuCUzT8wiq5DjEaokSdsev6O2yMw==",
      "bin": {
        "create-next-app": "dist/index.js"
      },
      "engines": {
        "node": ">=18.18.0"
      }
    },
    "node_modules/create-vite": {
      "version": "6.3.1",
      "resolved": "https://registry.npmjs.org/create-vite/-/create-vite-6.3.1.tgz",
      "integrity": "sha512-kI3S6OgiBYnRlmhr4gNY76Fj62fMh+KukEd2PSAvMPdnY95rHhJCjCoUlt4BuHVNjfmRMbsFBBtO5dryFoSyUw==",
      "bin": {
        "create-vite": "index.js",
        "cva": "index.js"
      },
      "engines": {
        "node": "^18.0.0 || ^20.0.0 || >=22.0.0"
      },
      "funding": {
        "url": "https://github.com/vitejs/vite?sponsor=1"
      }
    }
  }
}
